
Microsoft Visual Studio Solution File, Format Version 12.00
# Visual Studio Version 17
VisualStudioVersion = 17.14.37027.9 d17.14
MinimumVisualStudioVersion = 10.0.40219.1
Project("{FAE04EC0-301F-11D3-BF4B-00C04F79EFBC}") = "Projeto_tp", "Projeto_tp.csproj", "{2D66CB06-5A50-446A-86D5-50A1A002C171}"
EndProject
Project("{FAE04EC0-301F-11D3-BF4B-00C04F79EFBC}") = "Servidor.Tp", "..\Servidor.Tp\Servidor.Tp.csproj", "{06852BE1-FB3F-4CE7-ADEA-D3AAF58F6D97}"
EndProject
Global
	GlobalSection(SolutionConfigurationPlatforms) = preSolution
		Debug|Any CPU = Debug|Any CPU
		Release|Any CPU = Release|Any CPU
	EndGlobalSection
	GlobalSection(ProjectConfigurationPlatforms) = postSolution
		{2D66CB06-5A50-446A-86D5-50A1A002C171}.Debug|Any CPU.ActiveCfg = Debug|Any CPU
		{2D66CB06-5A50-446A-86D5-50A1A002C171}.Debug|Any CPU.Build.0 = Debug|Any CPU
		{2D66CB06-5A50-446A-86D5-50A1A002C171}.Release|Any CPU.ActiveCfg = Release|Any CPU
		{2D66CB06-5A50-446A-86D5-50A1A002C171}.Release|Any CPU.Build.0 = Release|Any CPU
		{06852BE1-FB3F-4CE7-ADEA-D3AAF58F6D97}.Debug|Any CPU.ActiveCfg = Debug|Any CPU
		{06852BE1-FB3F-4CE7-ADEA-D3AAF58F6D97}.Debug|Any CPU.Build.0 = Debug|Any CPU
		{06852BE1-FB3F-4CE7-ADEA-D3AAF58F6D97}.Release|Any CPU.ActiveCfg = Release|Any CPU
		{06852BE1-FB3F-4CE7-ADEA-D3AAF58F6D97}.Release|Any CPU.Build.0 = Release|Any CPU
	EndGlobalSection
	GlobalSection(SolutionProperties) = preSolution
		HideSolutionNode = FALSE
	EndGlobalSection
	GlobalSection(ExtensibilityGlobals) = postSolution
		SolutionGuid = {B3396F0F-414F-4C88-A198-31540F1C80AD}
	EndGlobalSection
EndGlobal
